
Microsoft Visual Studio Solution File, Format Version 12.00
# Visual Studio Version 16
VisualStudioVersion = 16.0.31229.75
MinimumVisualStudioVersion = 10.0.40219.1
Project("{FAE04EC0-301F-11D3-BF4B-00C04F79EFBC}") = "PizzaFactory", "PizzaFactory\PizzaFactory.csproj", "{F9AC7356-E880-4340-8444-28358F8A70C7}"
EndProject
Global
	GlobalSection(SolutionConfigurationPlatforms) = preSolution
		Debug|Any CPU = Debug|Any CPU
		Release|Any CPU = Release|Any CPU
	EndGlobalSection
	GlobalSection(ProjectConfigurationPlatforms) = postSolution
		{F9AC7356-E880-4340-8444-28358F8A70C7}.Debug|Any CPU.ActiveCfg = Debug|Any CPU
		{F9AC7356-E880-4340-8444-28358F8A70C7}.Debug|Any CPU.Build.0 = Debug|Any CPU
		{F9AC7356-E880-4340-8444-28358F8A70C7}.Release|Any CPU.ActiveCfg = Release|Any CPU
		{F9AC7356-E880-4340-8444-28358F8A70C7}.Release|Any CPU.Build.0 = Release|Any CPU
	EndGlobalSection
	GlobalSection(SolutionProperties) = preSolution
		HideSolutionNode = FALSE
	EndGlobalSection
	GlobalSection(ExtensibilityGlobals) = postSolution
		SolutionGuid = {6754E414-40E8-41F8-8996-68B0A07E6E88}
	EndGlobalSection
EndGlobal
